
Microsoft Visual Studio Solution File, Format Version 12.00
# Visual Studio Version 17
VisualStudioVersion = 17.0.31903.59
MinimumVisualStudioVersion = 10.0.40219.1
Project("{2150E333-8FDC-42A3-9474-1A3956D46DE8}") = "src", "src", "{F83A42FF-F21E-489D-A29A-0685170FA975}"
EndProject
Project("{2150E333-8FDC-42A3-9474-1A3956D46DE8}") = "API", "API", "{F2444F68-1996-43B7-B161-12600FF52241}"
EndProject
Project("{FAE04EC0-301F-11D3-BF4B-00C04F79EFBC}") = "LitterService.API", "src\API\LitterService.API\LitterService.API.csproj", "{DCF3666E-5A95-4455-8A40-2483521F3A2F}"
EndProject
Project("{2150E333-8FDC-42A3-9474-1A3956D46DE8}") = "Core", "Core", "{452FCBAA-659F-40F2-B132-A250DBF28090}"
EndProject
Project("{FAE04EC0-301F-11D3-BF4B-00C04F79EFBC}") = "LitterService.Application", "src\Core\LitterService.Application\LitterService.Application.csproj", "{28A33588-85FA-4434-A74B-68CA1ABCFC2F}"
EndProject
Project("{FAE04EC0-301F-11D3-BF4B-00C04F79EFBC}") = "LitterService.Domain", "src\Core\LitterService.Domain\LitterService.Domain.csproj", "{666614BF-7222-433F-8B54-8B640F3EA6E3}"
EndProject
Project("{2150E333-8FDC-42A3-9474-1A3956D46DE8}") = "Infrastructure", "Infrastructure", "{46AD1DC5-B2C6-4785-825B-D5B2E8E1E72D}"
EndProject
Project("{FAE04EC0-301F-11D3-BF4B-00C04F79EFBC}") = "LitterService.Infrastructure", "src\Infrastructure\LitterService.Infrastructure\LitterService.Infrastructure.csproj", "{FABEA63F-5701-46E1-989E-BDFDB0F0B490}"
EndProject
Project("{FAE04EC0-301F-11D3-BF4B-00C04F79EFBC}") = "LitterService.Persistence", "src\Infrastructure\LitterService.Persistence\LitterService.Persistence.csproj", "{CD89790C-E34E-4561-8FB1-EBF6A464BFBE}"
EndProject
Global
	GlobalSection(SolutionConfigurationPlatforms) = preSolution
		Debug|Any CPU = Debug|Any CPU
		Release|Any CPU = Release|Any CPU
	EndGlobalSection
	GlobalSection(SolutionProperties) = preSolution
		HideSolutionNode = FALSE
	EndGlobalSection
	GlobalSection(ProjectConfigurationPlatforms) = postSolution
		{DCF3666E-5A95-4455-8A40-2483521F3A2F}.Debug|Any CPU.ActiveCfg = Debug|Any CPU
		{DCF3666E-5A95-4455-8A40-2483521F3A2F}.Debug|Any CPU.Build.0 = Debug|Any CPU
		{DCF3666E-5A95-4455-8A40-2483521F3A2F}.Release|Any CPU.ActiveCfg = Release|Any CPU
		{DCF3666E-5A95-4455-8A40-2483521F3A2F}.Release|Any CPU.Build.0 = Release|Any CPU
		{28A33588-85FA-4434-A74B-68CA1ABCFC2F}.Debug|Any CPU.ActiveCfg = Debug|Any CPU
		{28A33588-85FA-4434-A74B-68CA1ABCFC2F}.Debug|Any CPU.Build.0 = Debug|Any CPU
		{28A33588-85FA-4434-A74B-68CA1ABCFC2F}.Release|Any CPU.ActiveCfg = Release|Any CPU
		{28A33588-85FA-4434-A74B-68CA1ABCFC2F}.Release|Any CPU.Build.0 = Release|Any CPU
		{666614BF-7222-433F-8B54-8B640F3EA6E3}.Debug|Any CPU.ActiveCfg = Debug|Any CPU
		{666614BF-7222-433F-8B54-8B640F3EA6E3}.Debug|Any CPU.Build.0 = Debug|Any CPU
		{666614BF-7222-433F-8B54-8B640F3EA6E3}.Release|Any CPU.ActiveCfg = Release|Any CPU
		{666614BF-7222-433F-8B54-8B640F3EA6E3}.Release|Any CPU.Build.0 = Release|Any CPU
		{FABEA63F-5701-46E1-989E-BDFDB0F0B490}.Debug|Any CPU.ActiveCfg = Debug|Any CPU
		{FABEA63F-5701-46E1-989E-BDFDB0F0B490}.Debug|Any CPU.Build.0 = Debug|Any CPU
		{FABEA63F-5701-46E1-989E-BDFDB0F0B490}.Release|Any CPU.ActiveCfg = Release|Any CPU
		{FABEA63F-5701-46E1-989E-BDFDB0F0B490}.Release|Any CPU.Build.0 = Release|Any CPU
		{CD89790C-E34E-4561-8FB1-EBF6A464BFBE}.Debug|Any CPU.ActiveCfg = Debug|Any CPU
		{CD89790C-E34E-4561-8FB1-EBF6A464BFBE}.Debug|Any CPU.Build.0 = Debug|Any CPU
		{CD89790C-E34E-4561-8FB1-EBF6A464BFBE}.Release|Any CPU.ActiveCfg = Release|Any CPU
		{CD89790C-E34E-4561-8FB1-EBF6A464BFBE}.Release|Any CPU.Build.0 = Release|Any CPU
	EndGlobalSection
	GlobalSection(NestedProjects) = preSolution
		{F2444F68-1996-43B7-B161-12600FF52241} = {F83A42FF-F21E-489D-A29A-0685170FA975}
		{DCF3666E-5A95-4455-8A40-2483521F3A2F} = {F2444F68-1996-43B7-B161-12600FF52241}
		{452FCBAA-659F-40F2-B132-A250DBF28090} = {F83A42FF-F21E-489D-A29A-0685170FA975}
		{28A33588-85FA-4434-A74B-68CA1ABCFC2F} = {452FCBAA-659F-40F2-B132-A250DBF28090}
		{666614BF-7222-433F-8B54-8B640F3EA6E3} = {452FCBAA-659F-40F2-B132-A250DBF28090}
		{46AD1DC5-B2C6-4785-825B-D5B2E8E1E72D} = {F83A42FF-F21E-489D-A29A-0685170FA975}
		{FABEA63F-5701-46E1-989E-BDFDB0F0B490} = {46AD1DC5-B2C6-4785-825B-D5B2E8E1E72D}
		{CD89790C-E34E-4561-8FB1-EBF6A464BFBE} = {46AD1DC5-B2C6-4785-825B-D5B2E8E1E72D}
	EndGlobalSection
EndGlobal
